
Microsoft Visual Studio Solution File, Format Version 12.00
# Visual Studio Version 16
VisualStudioVersion = 16.0.30225.117
MinimumVisualStudioVersion = 10.0.40219.1
Project("{FAE04EC0-301F-11D3-BF4B-00C04F79EFBC}") = "Winform_sendFile", "Winform_sendFile\Winform_sendFile.csproj", "{E139736E-E350-49C9-B1E3-4052062F86A9}"
EndProject
Project("{FAE04EC0-301F-11D3-BF4B-00C04F79EFBC}") = "Winform_receiveFile", "Winform_receiveFile\Winform_receiveFile.csproj", "{DFF188BF-03A5-4C85-81A1-284E5E6BFA8F}"
EndProject
Global
	GlobalSection(SolutionConfigurationPlatforms) = preSolution
		Debug|Any CPU = Debug|Any CPU
		Release|Any CPU = Release|Any CPU
	EndGlobalSection
	GlobalSection(ProjectConfigurationPlatforms) = postSolution
		{E139736E-E350-49C9-B1E3-4052062F86A9}.Debug|Any CPU.ActiveCfg = Debug|Any CPU
		{E139736E-E350-49C9-B1E3-4052062F86A9}.Debug|Any CPU.Build.0 = Debug|Any CPU
		{E139736E-E350-49C9-B1E3-4052062F86A9}.Release|Any CPU.ActiveCfg = Release|Any CPU
		{E139736E-E350-49C9-B1E3-4052062F86A9}.Release|Any CPU.Build.0 = Release|Any CPU
		{DFF188BF-03A5-4C85-81A1-284E5E6BFA8F}.Debug|Any CPU.ActiveCfg = Debug|Any CPU
		{DFF188BF-03A5-4C85-81A1-284E5E6BFA8F}.Debug|Any CPU.Build.0 = Debug|Any CPU
		{DFF188BF-03A5-4C85-81A1-284E5E6BFA8F}.Release|Any CPU.ActiveCfg = Release|Any CPU
		{DFF188BF-03A5-4C85-81A1-284E5E6BFA8F}.Release|Any CPU.Build.0 = Release|Any CPU
	EndGlobalSection
	GlobalSection(SolutionProperties) = preSolution
		HideSolutionNode = FALSE
	EndGlobalSection
	GlobalSection(ExtensibilityGlobals) = postSolution
		SolutionGuid = {ED867BB5-B301-4486-B13A-3D9A885B8D37}
	EndGlobalSection
EndGlobal
